
Microsoft Visual Studio Solution File, Format Version 12.00
# Visual Studio 15
VisualStudioVersion = 15.0.26730.12
MinimumVisualStudioVersion = 10.0.40219.1
Project("{FAE04EC0-301F-11D3-BF4B-00C04F79EFBC}") = "Bot Application1", "Bot Application1\Bot Application1.csproj", "{58223781-EECB-4076-8BE0-1192F3CFA0B1}"
EndProject
Global
	GlobalSection(SolutionConfigurationPlatforms) = preSolution
		Debug|Any CPU = Debug|Any CPU
		Release|Any CPU = Release|Any CPU
	EndGlobalSection
	GlobalSection(ProjectConfigurationPlatforms) = postSolution
		{58223781-EECB-4076-8BE0-1192F3CFA0B1}.Debug|Any CPU.ActiveCfg = Debug|Any CPU
		{58223781-EECB-4076-8BE0-1192F3CFA0B1}.Debug|Any CPU.Build.0 = Debug|Any CPU
		{58223781-EECB-4076-8BE0-1192F3CFA0B1}.Release|Any CPU.ActiveCfg = Release|Any CPU
		{58223781-EECB-4076-8BE0-1192F3CFA0B1}.Release|Any CPU.Build.0 = Release|Any CPU
	EndGlobalSection
	GlobalSection(SolutionProperties) = preSolution
		HideSolutionNode = FALSE
	EndGlobalSection
	GlobalSection(ExtensibilityGlobals) = postSolution
		SolutionGuid = {AEBEE358-822C-4314-A0B4-65854CCFCF32}
	EndGlobalSection
EndGlobal
